
Microsoft Visual Studio Solution File, Format Version 12.00
# Visual Studio Version 17
VisualStudioVersion = 17.6.33712.159
MinimumVisualStudioVersion = 10.0.40219.1
Project("{FAE04EC0-301F-11D3-BF4B-00C04F79EFBC}") = "LeetCode", "LeetCode\LeetCode.csproj", "{81367263-90B2-4D3E-9D1C-F1A659966C4D}"
EndProject
Global
	GlobalSection(SolutionConfigurationPlatforms) = preSolution
		Debug|Any CPU = Debug|Any CPU
		Release|Any CPU = Release|Any CPU
	EndGlobalSection
	GlobalSection(ProjectConfigurationPlatforms) = postSolution
		{81367263-90B2-4D3E-9D1C-F1A659966C4D}.Debug|Any CPU.ActiveCfg = Debug|Any CPU
		{81367263-90B2-4D3E-9D1C-F1A659966C4D}.Debug|Any CPU.Build.0 = Debug|Any CPU
		{81367263-90B2-4D3E-9D1C-F1A659966C4D}.Release|Any CPU.ActiveCfg = Release|Any CPU
		{81367263-90B2-4D3E-9D1C-F1A659966C4D}.Release|Any CPU.Build.0 = Release|Any CPU
	EndGlobalSection
	GlobalSection(SolutionProperties) = preSolution
		HideSolutionNode = FALSE
	EndGlobalSection
	GlobalSection(ExtensibilityGlobals) = postSolution
		SolutionGuid = {3F28E727-D3FE-4442-86A7-EFE7CEB5CE10}
	EndGlobalSection
EndGlobal
